# This file was autogenerated by Stack.
# You should not edit this file by hand.
# For more information, please see the documentation at:
#   https://docs.haskellstack.org/en/stable/lock_files

packages:
- completed:
    hackage: validation-1@sha256:0396b87a0f96af33799050aed04e61df24c6ac1a3550626090017d6b95252ff4,3658
    pantry-tree:
      size: 390
      sha256: 750749f768319544d3d1df6aab0f7f22923d9d888d08ee1d24e69eba181dba38
  original:
    hackage: validation-1
snapshots:
- completed:
    size: 509471
    url: https://raw.githubusercontent.com/commercialhaskell/stackage-snapshots/master/lts/12/26.yaml
    sha256: 95f014df58d0679b1c4a2b7bf2b652b61da8d30de5f571abb0d59015ef678646
  original: lts-12.26
