# This file was autogenerated by Stack.
# You should not edit this file by hand.
# For more information, please see the documentation at:
#   https://docs.haskellstack.org/en/stable/topics/lock_files

packages: []
snapshots:
- completed:
    sha256: 188228e10dbb5b533bae584049b112e72000902e64b17348679a69f92fbc0d32
    size: 726076
    url: https://raw.githubusercontent.com/commercialhaskell/stackage-snapshots/master/lts/24/9.yaml
  original: lts-24.9
